# This file is automatically @generated by Cargo.
# It is not intended for manual editing.
version = 3

[[package]]
name = "adler"
version = "1.0.2"
source = "registry+https://github.com/rust-lang/crates.io-index"
checksum = "f26201604c87b1e01bd3d98f8d5d9a8fcbb815e8cedb41ffccbeb4bf593a35fe"

[[package]]
name = "ahash"
version = "0.7.6"
source = "registry+https://github.com/rust-lang/crates.io-index"
checksum = "fcb51a0695d8f838b1ee009b3fbf66bda078cd64590202a864a8f3e8c4315c47"
dependencies = [
 "getrandom",
 "once_cell",
 "version_check",
]

[[package]]
name = "aho-corasick"
version = "0.7.18"
source = "registry+https://github.com/rust-lang/crates.io-index"
checksum = "1e37cfd5e7657ada45f742d6e99ca5788580b5c529dc78faf11ece6dc702656f"
dependencies = [
 "memchr",
]

[[package]]
name = "alloc-no-stdlib"
version = "2.0.3"
source = "registry+https://github.com/rust-lang/crates.io-index"
checksum = "35ef4730490ad1c4eae5c4325b2a95f521d023e5c885853ff7aca0a6a1631db3"

[[package]]
name = "alloc-stdlib"
version = "0.2.1"
source = "registry+https://github.com/rust-lang/crates.io-index"
checksum = "697ed7edc0f1711de49ce108c541623a0af97c6c60b2f6e2b65229847ac843c2"
dependencies = [
 "alloc-no-stdlib",
]

[[package]]
name = "anyhow"
version = "1.0.51"
source = "registry+https://github.com/rust-lang/crates.io-index"
checksum = "8b26702f315f53b6071259e15dd9d64528213b44d61de1ec926eca7715d62203"

[[package]]
name = "arrayvec"
version = "0.5.2"
source = "registry+https://github.com/rust-lang/crates.io-index"
checksum = "23b62fc65de8e4e7f52534fb52b0f3ed04746ae267519eef2a83941e8085068b"

[[package]]
name = "async-channel"
version = "1.6.1"
source = "registry+https://github.com/rust-lang/crates.io-index"
checksum = "2114d64672151c0c5eaa5e131ec84a74f06e1e559830dabba01ca30605d66319"
dependencies = [
 "concurrent-queue",
 "event-listener",
 "futures-core",
]

[[package]]
name = "async-compression"
version = "0.3.8"
source = "registry+https://github.com/rust-lang/crates.io-index"
checksum = "5443ccbb270374a2b1055fc72da40e1f237809cd6bb0e97e66d264cd138473a6"
dependencies = [
 "brotli",
 "flate2",
 "futures-core",
 "futures-io",
 "memchr",
 "pin-project-lite",
]

[[package]]
name = "async-dup"
version = "1.2.2"
source = "registry+https://github.com/rust-lang/crates.io-index"
checksum = "7427a12b8dc09291528cfb1da2447059adb4a257388c2acd6497a79d55cf6f7c"
dependencies = [
 "futures-io",
 "simple-mutex",
]

[[package]]
name = "async-executor"
version = "1.4.1"
source = "registry+https://github.com/rust-lang/crates.io-index"
checksum = "871f9bb5e0a22eeb7e8cf16641feb87c9dc67032ccf8ff49e772eb9941d3a965"
dependencies = [
 "async-task",
 "concurrent-queue",
 "fastrand",
 "futures-lite",
 "once_cell",
 "slab",
]

[[package]]
name = "async-fs"
version = "1.5.0"
source = "registry+https://github.com/rust-lang/crates.io-index"
checksum = "8b3ca4f8ff117c37c278a2f7415ce9be55560b846b5bc4412aaa5d29c1c3dae2"
dependencies = [
 "async-lock",
 "blocking",
 "futures-lite",
]

[[package]]
name = "async-global-executor"
version = "2.0.2"
source = "registry+https://github.com/rust-lang/crates.io-index"
checksum = "9586ec52317f36de58453159d48351bc244bc24ced3effc1fce22f3d48664af6"
dependencies = [
 "async-channel",
 "async-executor",
 "async-io",
 "async-mutex",
 "blocking",
 "futures-lite",
 "num_cpus",
 "once_cell",
]

[[package]]
name = "async-io"
version = "1.6.0"
source = "registry+https://github.com/rust-lang/crates.io-index"
checksum = "a811e6a479f2439f0c04038796b5cfb3d2ad56c230e0f2d3f7b04d68cfee607b"
dependencies = [
 "concurrent-queue",
 "futures-lite",
 "libc",
 "log",
 "once_cell",
 "parking",
 "polling",
 "slab",
 "socket2",
 "waker-fn",
 "winapi",
]

[[package]]
name = "async-lock"
version = "2.4.0"
source = "registry+https://github.com/rust-lang/crates.io-index"
checksum = "e6a8ea61bf9947a1007c5cada31e647dbc77b103c679858150003ba697ea798b"
dependencies = [
 "event-listener",
]

[[package]]
name = "async-mutex"
version = "1.4.0"
source = "registry+https://github.com/rust-lang/crates.io-index"
checksum = "479db852db25d9dbf6204e6cb6253698f175c15726470f78af0d918e99d6156e"
dependencies = [
 "event-listener",
]

[[package]]
name = "async-net"
version = "1.6.1"
source = "registry+https://github.com/rust-lang/crates.io-index"
checksum = "5373304df79b9b4395068fb080369ec7178608827306ce4d081cba51cac551df"
dependencies = [
 "async-io",
 "blocking",
 "futures-lite",
]

[[package]]
name = "async-task"
version = "4.0.3"
source = "registry+https://github.com/rust-lang/crates.io-index"
checksum = "e91831deabf0d6d7ec49552e489aed63b7456a7a3c46cff62adad428110b0af0"

[[package]]
name = "async-trait"
version = "0.1.51"
source = "registry+https://github.com/rust-lang/crates.io-index"
checksum = "44318e776df68115a881de9a8fd1b9e53368d7a4a5ce4cc48517da3393233a5e"
dependencies = [
 "proc-macro2",
 "quote",
 "syn",
]

[[package]]
name = "atomic-waker"
version = "1.0.0"
source = "registry+https://github.com/rust-lang/crates.io-index"
checksum = "065374052e7df7ee4047b1160cca5e1467a12351a40b3da123c870ba0b8eda2a"

[[package]]
name = "atty"
version = "0.2.14"
source = "registry+https://github.com/rust-lang/crates.io-index"
checksum = "d9b39be18770d11421cdb1b9947a45dd3f37e93092cbf377614828a319d5fee8"
dependencies = [
 "hermit-abi",
 "libc",
 "winapi",
]

[[package]]
name = "autocfg"
version = "1.0.1"
source = "registry+https://github.com/rust-lang/crates.io-index"
checksum = "cdb031dd78e28731d87d56cc8ffef4a8f36ca26c38fe2de700543e627f8a464a"

[[package]]
name = "base64"
version = "0.13.0"
source = "registry+https://github.com/rust-lang/crates.io-index"
checksum = "904dfeac50f3cdaba28fc6f57fdcddb75f49ed61346676a78c4ffe55877802fd"

[[package]]
name = "bitflags"
version = "1.3.2"
source = "registry+https://github.com/rust-lang/crates.io-index"
checksum = "bef38d45163c2f1dde094a7dfd33ccf595c92905c8f8f4fdc18d06fb1037718a"

[[package]]
name = "bitvec"
version = "0.19.6"
source = "registry+https://github.com/rust-lang/crates.io-index"
checksum = "55f93d0ef3363c364d5976646a38f04cf67cfe1d4c8d160cdea02cab2c116b33"
dependencies = [
 "funty",
 "radium",
 "tap",
 "wyz",
]

[[package]]
name = "blocking"
version = "1.1.0"
source = "registry+https://github.com/rust-lang/crates.io-index"
checksum = "046e47d4b2d391b1f6f8b407b1deb8dee56c1852ccd868becf2710f601b5f427"
dependencies = [
 "async-channel",
 "async-task",
 "atomic-waker",
 "fastrand",
 "futures-lite",
 "once_cell",
]

[[package]]
name = "brotli"
version = "3.3.2"
source = "registry+https://github.com/rust-lang/crates.io-index"
checksum = "71cb90ade945043d3d53597b2fc359bb063db8ade2bcffe7997351d0756e9d50"
dependencies = [
 "alloc-no-stdlib",
 "alloc-stdlib",
 "brotli-decompressor",
]

[[package]]
name = "brotli-decompressor"
version = "2.3.2"
source = "registry+https://github.com/rust-lang/crates.io-index"
checksum = "59ad2d4653bf5ca36ae797b1f4bb4dbddb60ce49ca4aed8a2ce4829f60425b80"
dependencies = [
 "alloc-no-stdlib",
 "alloc-stdlib",
]

[[package]]
name = "bytecount"
version = "0.6.2"
source = "registry+https://github.com/rust-lang/crates.io-index"
checksum = "72feb31ffc86498dacdbd0fcebb56138e7177a8cc5cea4516031d15ae85a742e"

[[package]]
name = "cache-padded"
version = "1.1.1"
source = "registry+https://github.com/rust-lang/crates.io-index"
checksum = "631ae5198c9be5e753e5cc215e1bd73c2b466a3565173db433f52bb9d3e66dba"

[[package]]
name = "cc"
version = "1.0.72"
source = "registry+https://github.com/rust-lang/crates.io-index"
checksum = "22a9137b95ea06864e018375b72adfb7db6e6f68cfc8df5a04d00288050485ee"

[[package]]
name = "cfg-if"
version = "1.0.0"
source = "registry+https://github.com/rust-lang/crates.io-index"
checksum = "baf1de4339761588bc0619e3cbc0120ee582ebb74b53b4efbf79117bd2da40fd"

[[package]]
name = "chrono"
version = "0.4.19"
source = "registry+https://github.com/rust-lang/crates.io-index"
checksum = "670ad68c9088c2a963aaa298cb369688cf3f9465ce5e2d4ca10e6e0098a1ce73"
dependencies = [
 "libc",
 "num-integer",
 "num-traits",
 "serde",
 "time",
 "winapi",
]

[[package]]
name = "colored"
version = "2.0.0"
source = "registry+https://github.com/rust-lang/crates.io-index"
checksum = "b3616f750b84d8f0de8a58bda93e08e2a81ad3f523089b05f1dffecab48c6cbd"
dependencies = [
 "atty",
 "lazy_static",
 "winapi",
]

[[package]]
name = "concurrent-queue"
version = "1.2.2"
source = "registry+https://github.com/rust-lang/crates.io-index"
checksum = "30ed07550be01594c6026cff2a1d7fe9c8f683caa798e12b68694ac9e88286a3"
dependencies = [
 "cache-padded",
]

[[package]]
name = "crc32fast"
version = "1.3.0"
source = "registry+https://github.com/rust-lang/crates.io-index"
checksum = "738c290dfaea84fc1ca15ad9c168d083b05a714e1efddd8edaab678dc28d2836"
dependencies = [
 "cfg-if",
]

[[package]]
name = "crossbeam-utils"
version = "0.8.5"
source = "registry+https://github.com/rust-lang/crates.io-index"
checksum = "d82cfc11ce7f2c3faef78d8a684447b40d503d9681acebed6cb728d45940c4db"
dependencies = [
 "cfg-if",
 "lazy_static",
]

[[package]]
name = "deunicode"
version = "0.4.3"
source = "registry+https://github.com/rust-lang/crates.io-index"
checksum = "850878694b7933ca4c9569d30a34b55031b9b139ee1fc7b94a527c4ef960d690"

[[package]]
name = "dotenv"
version = "0.15.0"
source = "registry+https://github.com/rust-lang/crates.io-index"
checksum = "77c90badedccf4105eca100756a0b1289e191f6fcbdadd3cee1d2f614f97da8f"

[[package]]
name = "either"
version = "1.6.1"
source = "registry+https://github.com/rust-lang/crates.io-index"
checksum = "e78d4f1cc4ae33bbfc157ed5d5a5ef3bc29227303d595861deb238fcec4e9457"

[[package]]
name = "encoding_rs"
version = "0.8.30"
source = "registry+https://github.com/rust-lang/crates.io-index"
checksum = "7896dc8abb250ffdda33912550faa54c88ec8b998dec0b2c55ab224921ce11df"
dependencies = [
 "cfg-if",
]

[[package]]
name = "env_logger"
version = "0.7.1"
source = "registry+https://github.com/rust-lang/crates.io-index"
checksum = "44533bbbb3bb3c1fa17d9f2e4e38bbbaf8396ba82193c4cb1b6445d711445d36"
dependencies = [
 "atty",
 "humantime",
 "log",
 "regex",
 "termcolor",
]

[[package]]
name = "etag"
version = "3.0.0"
source = "registry+https://github.com/rust-lang/crates.io-index"
checksum = "aec9f8918ec91bd35f3068e33da01b72a295ac8a7baacb0290b56ffeeec9d88f"
dependencies = [
 "str-buf",
 "xxhash-rust",
]

[[package]]
name = "event-listener"
version = "2.5.1"
source = "registry+https://github.com/rust-lang/crates.io-index"
checksum = "f7531096570974c3a9dcf9e4b8e1cede1ec26cf5046219fb3b9d897503b9be59"

[[package]]
name = "fastrand"
version = "1.5.0"
source = "registry+https://github.com/rust-lang/crates.io-index"
checksum = "b394ed3d285a429378d3b384b9eb1285267e7df4b166df24b7a6939a04dc392e"
dependencies = [
 "instant",
]

[[package]]
name = "flate2"
version = "1.0.22"
source = "registry+https://github.com/rust-lang/crates.io-index"
checksum = "1e6988e897c1c9c485f43b47a529cef42fde0547f9d8d41a7062518f1d8fc53f"
dependencies = [
 "cfg-if",
 "crc32fast",
 "libc",
 "miniz_oxide",
]

[[package]]
name = "form_urlencoded"
version = "1.0.1"
source = "registry+https://github.com/rust-lang/crates.io-index"
checksum = "5fc25a87fa4fd2094bffb06925852034d90a17f0d1e05197d4956d3555752191"
dependencies = [
 "matches",
 "percent-encoding",
]

[[package]]
name = "funty"
version = "1.1.0"
source = "registry+https://github.com/rust-lang/crates.io-index"
checksum = "fed34cd105917e91daa4da6b3728c47b068749d6a62c59811f06ed2ac71d9da7"

[[package]]
name = "futures-core"
version = "0.3.18"
source = "registry+https://github.com/rust-lang/crates.io-index"
checksum = "629316e42fe7c2a0b9a65b47d159ceaa5453ab14e8f0a3c5eedbb8cd55b4a445"

[[package]]
name = "futures-io"
version = "0.3.18"
source = "registry+https://github.com/rust-lang/crates.io-index"
checksum = "e481354db6b5c353246ccf6a728b0c5511d752c08da7260546fc0933869daa11"

[[package]]
name = "futures-lite"
version = "1.12.0"
source = "registry+https://github.com/rust-lang/crates.io-index"
checksum = "7694489acd39452c77daa48516b894c153f192c3578d5a839b62c58099fcbf48"
dependencies = [
 "fastrand",
 "futures-core",
 "futures-io",
 "memchr",
 "parking",
 "pin-project-lite",
 "waker-fn",
]

[[package]]
name = "getopts"
version = "0.2.21"
source = "registry+https://github.com/rust-lang/crates.io-index"
checksum = "14dbbfd5c71d70241ecf9e6f13737f7b5ce823821063188d7e46c41d371eebd5"
dependencies = [
 "unicode-width",
]

[[package]]
name = "getrandom"
version = "0.2.3"
source = "registry+https://github.com/rust-lang/crates.io-index"
checksum = "7fcd999463524c52659517fe2cea98493cfe485d10565e7b0fb07dbba7ad2753"
dependencies = [
 "cfg-if",
 "libc",
 "wasi",
]

[[package]]
name = "hashbrown"
version = "0.11.2"
source = "registry+https://github.com/rust-lang/crates.io-index"
checksum = "ab5ef0d4909ef3724cc8cce6ccc8572c5c817592e9285f5464f8e86f8bd3726e"
dependencies = [
 "ahash",
]

[[package]]
name = "hermit-abi"
version = "0.1.19"
source = "registry+https://github.com/rust-lang/crates.io-index"
checksum = "62b467343b94ba476dcb2500d242dadbb39557df889310ac77c5d99100aaac33"
dependencies = [
 "libc",
]

[[package]]
name = "httparse"
version = "1.5.1"
source = "registry+https://github.com/rust-lang/crates.io-index"
checksum = "acd94fdbe1d4ff688b67b04eee2e17bd50995534a61539e45adfefb45e5e5503"

[[package]]
name = "httpdate"
version = "1.0.2"
source = "registry+https://github.com/rust-lang/crates.io-index"
checksum = "c4a1e36c821dbe04574f602848a19f742f4fb3c98d40449f11bcad18d6b17421"

[[package]]
name = "humantime"
version = "1.3.0"
source = "registry+https://github.com/rust-lang/crates.io-index"
checksum = "df004cfca50ef23c36850aaaa59ad52cc70d0e90243c3c7737a4dd32dc7a3c4f"
dependencies = [
 "quick-error",
]

[[package]]
name = "idna"
version = "0.2.3"
source = "registry+https://github.com/rust-lang/crates.io-index"
checksum = "418a0a6fab821475f634efe3ccc45c013f742efe03d853e8d3355d5cb850ecf8"
dependencies = [
 "matches",
 "unicode-bidi",
 "unicode-normalization",
]

[[package]]
name = "indexmap"
version = "1.7.0"
source = "registry+https://github.com/rust-lang/crates.io-index"
checksum = "bc633605454125dec4b66843673f01c7df2b89479b32e0ed634e43a91cff62a5"
dependencies = [
 "autocfg",
 "hashbrown",
]

[[package]]
name = "instant"
version = "0.1.12"
source = "registry+https://github.com/rust-lang/crates.io-index"
checksum = "7a5bbe824c507c5da5956355e86a746d82e0e1464f65d862cc5e71da70e94b2c"
dependencies = [
 "cfg-if",
]

[[package]]
name = "itertools"
version = "0.10.3"
source = "registry+https://github.com/rust-lang/crates.io-index"
checksum = "a9a9d19fa1e79b6215ff29b9d6880b706147f16e9b1dbb1e4e5947b5b02bc5e3"
dependencies = [
 "either",
]

[[package]]
name = "lazy_static"
version = "1.4.0"
source = "registry+https://github.com/rust-lang/crates.io-index"
checksum = "e2abad23fbc42b3700f2f279844dc832adb2b2eb069b2df918f455c4e18cc646"

[[package]]
name = "lexical-core"
version = "0.7.6"
source = "registry+https://github.com/rust-lang/crates.io-index"
checksum = "6607c62aa161d23d17a9072cc5da0be67cdfc89d3afb1e8d9c842bebc2525ffe"
dependencies = [
 "arrayvec",
 "bitflags",
 "cfg-if",
 "ryu",
 "static_assertions",
]

[[package]]
name = "libc"
version = "0.2.109"
source = "registry+https://github.com/rust-lang/crates.io-index"
checksum = "f98a04dce437184842841303488f70d0188c5f51437d2a834dc097eafa909a01"

[[package]]
name = "linked-hash-map"
version = "0.5.4"
source = "registry+https://github.com/rust-lang/crates.io-index"
checksum = "7fb9b38af92608140b86b693604b9ffcc5824240a484d1ecd4795bacb2fe88f3"

[[package]]
name = "log"
version = "0.4.14"
source = "registry+https://github.com/rust-lang/crates.io-index"
checksum = "51b9bbe6c47d51fc3e1a9b945965946b4c44142ab8792c50835a980d362c2710"
dependencies = [
 "cfg-if",
]

[[package]]
name = "matches"
version = "0.1.9"
source = "registry+https://github.com/rust-lang/crates.io-index"
checksum = "a3e378b66a060d48947b590737b30a1be76706c8dd7b8ba0f2fe3989c68a853f"

[[package]]
name = "md5"
version = "0.7.0"
source = "registry+https://github.com/rust-lang/crates.io-index"
checksum = "490cc448043f947bae3cbee9c203358d62dbee0db12107a74be5c30ccfd09771"

[[package]]
name = "memchr"
version = "2.4.1"
source = "registry+https://github.com/rust-lang/crates.io-index"
checksum = "308cc39be01b73d0d18f82a0e7b2a3df85245f84af96fdddc5d202d27e47b86a"

[[package]]
name = "memmem"
version = "0.1.1"
source = "registry+https://github.com/rust-lang/crates.io-index"
checksum = "a64a92489e2744ce060c349162be1c5f33c6969234104dbd99ddb5feb08b8c15"

[[package]]
name = "mime"
version = "0.3.16"
source = "registry+https://github.com/rust-lang/crates.io-index"
checksum = "2a60c7ce501c71e03a9c9c0d35b861413ae925bd979cc7a4e30d060069aaac8d"

[[package]]
name = "mime_guess"
version = "2.0.3"
source = "registry+https://github.com/rust-lang/crates.io-index"
checksum = "2684d4c2e97d99848d30b324b00c8fcc7e5c897b7cbb5819b09e7c90e8baf212"
dependencies = [
 "mime",
 "unicase",
]

[[package]]
name = "miniz_oxide"
version = "0.4.4"
source = "registry+https://github.com/rust-lang/crates.io-index"
checksum = "a92518e98c078586bc6c934028adcca4c92a53d6a958196de835170a01d84e4b"
dependencies = [
 "adler",
 "autocfg",
]

[[package]]
name = "nom"
version = "6.1.2"
source = "registry+https://github.com/rust-lang/crates.io-index"
checksum = "e7413f999671bd4745a7b624bd370a569fb6bc574b23c83a3c5ed2e453f3d5e2"
dependencies = [
 "bitvec",
 "funty",
 "lexical-core",
 "memchr",
 "version_check",
]

[[package]]
name = "nom_locate"
version = "3.0.2"
source = "registry+https://github.com/rust-lang/crates.io-index"
checksum = "4689294073dda8a54e484212171efdcb6b12b1908fd70c3dc3eec15b8833b06d"
dependencies = [
 "bytecount",
 "memchr",
 "nom",
]

[[package]]
name = "num-bigint"
version = "0.4.3"
source = "registry+https://github.com/rust-lang/crates.io-index"
checksum = "f93ab6289c7b344a8a9f60f88d80aa20032336fe78da341afc91c8a2341fc75f"
dependencies = [
 "autocfg",
 "num-integer",
 "num-traits",
]

[[package]]
name = "num-integer"
version = "0.1.44"
source = "registry+https://github.com/rust-lang/crates.io-index"
checksum = "d2cc698a63b549a70bc047073d2949cce27cd1c7b0a4a862d08a8031bc2801db"
dependencies = [
 "autocfg",
 "num-traits",
]

[[package]]
name = "num-rational"
version = "0.4.0"
source = "registry+https://github.com/rust-lang/crates.io-index"
checksum = "d41702bd167c2df5520b384281bc111a4b5efcf7fbc4c9c222c815b07e0a6a6a"
dependencies = [
 "autocfg",
 "num-integer",
 "num-traits",
]

[[package]]
name = "num-traits"
version = "0.2.14"
source = "registry+https://github.com/rust-lang/crates.io-index"
checksum = "9a64b1ec5cda2586e284722486d802acf1f7dbdc623e2bfc57e65ca1cd099290"
dependencies = [
 "autocfg",
]

[[package]]
name = "num_cpus"
version = "1.13.0"
source = "registry+https://github.com/rust-lang/crates.io-index"
checksum = "05499f3756671c15885fee9034446956fff3f243d6077b91e5767df161f766b3"
dependencies = [
 "hermit-abi",
 "libc",
]

[[package]]
name = "once_cell"
version = "1.8.0"
source = "registry+https://github.com/rust-lang/crates.io-index"
checksum = "692fcb63b64b1758029e0a96ee63e049ce8c5948587f2f7208df04625e5f6b56"

[[package]]
name = "parking"
version = "2.0.0"
source = "registry+https://github.com/rust-lang/crates.io-index"
checksum = "427c3892f9e783d91cc128285287e70a59e206ca452770ece88a76f7a3eddd72"

[[package]]
name = "percent-encoding"
version = "2.1.0"
source = "registry+https://github.com/rust-lang/crates.io-index"
checksum = "d4fd5641d01c8f18a23da7b6fe29298ff4b55afcccdf78973b24cf3175fee32e"

[[package]]
name = "pin-project"
version = "1.0.8"
source = "registry+https://github.com/rust-lang/crates.io-index"
checksum = "576bc800220cc65dac09e99e97b08b358cfab6e17078de8dc5fee223bd2d0c08"
dependencies = [
 "pin-project-internal",
]

[[package]]
name = "pin-project-internal"
version = "1.0.8"
source = "registry+https://github.com/rust-lang/crates.io-index"
checksum = "6e8fe8163d14ce7f0cdac2e040116f22eac817edabff0be91e8aff7e9accf389"
dependencies = [
 "proc-macro2",
 "quote",
 "syn",
]

[[package]]
name = "pin-project-lite"
version = "0.2.7"
source = "registry+https://github.com/rust-lang/crates.io-index"
checksum = "8d31d11c69a6b52a174b42bdc0c30e5e11670f90788b2c471c31c1d17d449443"

[[package]]
name = "polling"
version = "2.2.0"
source = "registry+https://github.com/rust-lang/crates.io-index"
checksum = "685404d509889fade3e86fe3a5803bca2ec09b0c0778d5ada6ec8bf7a8de5259"
dependencies = [
 "cfg-if",
 "libc",
 "log",
 "wepoll-ffi",
 "winapi",
]

[[package]]
name = "portpicker"
version = "0.1.1"
source = "registry+https://github.com/rust-lang/crates.io-index"
checksum = "be97d76faf1bfab666e1375477b23fde79eccf0276e9b63b92a39d676a889ba9"
dependencies = [
 "rand",
]

[[package]]
name = "ppv-lite86"
version = "0.2.15"
source = "registry+https://github.com/rust-lang/crates.io-index"
checksum = "ed0cfbc8191465bed66e1718596ee0b0b35d5ee1f41c5df2189d0fe8bde535ba"

[[package]]
name = "pretty_env_logger"
version = "0.4.0"
source = "registry+https://github.com/rust-lang/crates.io-index"
checksum = "926d36b9553851b8b0005f1275891b392ee4d2d833852c417ed025477350fb9d"
dependencies = [
 "env_logger",
 "log",
]

[[package]]
name = "proc-macro2"
version = "1.0.33"
source = "registry+https://github.com/rust-lang/crates.io-index"
checksum = "fb37d2df5df740e582f28f8560cf425f52bb267d872fe58358eadb554909f07a"
dependencies = [
 "unicode-xid",
]

[[package]]
name = "pulldown-cmark"
version = "0.8.0"
source = "registry+https://github.com/rust-lang/crates.io-index"
checksum = "ffade02495f22453cd593159ea2f59827aae7f53fa8323f756799b670881dcf8"
dependencies = [
 "bitflags",
 "getopts",
 "memchr",
 "unicase",
]

[[package]]
name = "quick-error"
version = "1.2.3"
source = "registry+https://github.com/rust-lang/crates.io-index"
checksum = "a1d01941d82fa2ab50be1e79e6714289dd7cde78eba4c074bc5a4374f650dfe0"

[[package]]
name = "quote"
version = "1.0.10"
source = "registry+https://github.com/rust-lang/crates.io-index"
checksum = "38bc8cc6a5f2e3655e0899c1b848643b2562f853f114bfec7be120678e3ace05"
dependencies = [
 "proc-macro2",
]

[[package]]
name = "radium"
version = "0.5.3"
source = "registry+https://github.com/rust-lang/crates.io-index"
checksum = "941ba9d78d8e2f7ce474c015eea4d9c6d25b6a3327f9832ee29a4de27f91bbb8"

[[package]]
name = "rand"
version = "0.8.4"
source = "registry+https://github.com/rust-lang/crates.io-index"
checksum = "2e7573632e6454cf6b99d7aac4ccca54be06da05aca2ef7423d22d27d4d4bcd8"
dependencies = [
 "libc",
 "rand_chacha",
 "rand_core",
 "rand_hc",
]

[[package]]
name = "rand_chacha"
version = "0.3.1"
source = "registry+https://github.com/rust-lang/crates.io-index"
checksum = "e6c10a63a0fa32252be49d21e7709d4d4baf8d231c2dbce1eaa8141b9b127d88"
dependencies = [
 "ppv-lite86",
 "rand_core",
]

[[package]]
name = "rand_core"
version = "0.6.3"
source = "registry+https://github.com/rust-lang/crates.io-index"
checksum = "d34f1408f55294453790c48b2f1ebbb1c5b4b7563eb1f418bcfcfdbb06ebb4e7"
dependencies = [
 "getrandom",
]

[[package]]
name = "rand_hc"
version = "0.3.1"
source = "registry+https://github.com/rust-lang/crates.io-index"
checksum = "d51e9f596de227fda2ea6c84607f5558e196eeaf43c986b724ba4fb8fdf497e7"
dependencies = [
 "rand_core",
]

[[package]]
name = "rblog"
version = "0.104.0"
dependencies = [
 "anyhow",
 "async-fs",
 "chrono",
 "dotenv",
 "mime",
 "mime_guess",
 "pretty_env_logger",
 "pulldown-cmark",
 "ructe",
 "serde",
 "serde_yaml",
 "slug",
 "trillium",
 "trillium-caching-headers",
 "trillium-compression",
 "trillium-conn-id",
 "trillium-logger",
 "trillium-router",
 "trillium-ructe",
 "trillium-smol",
 "trillium-static",
 "trillium-testing",
]

[[package]]
name = "regex"
version = "1.5.4"
source = "registry+https://github.com/rust-lang/crates.io-index"
checksum = "d07a8629359eb56f1e2fb1652bb04212c072a87ba68546a04065d525673ac461"
dependencies = [
 "aho-corasick",
 "memchr",
 "regex-syntax",
]

[[package]]
name = "regex-syntax"
version = "0.6.25"
source = "registry+https://github.com/rust-lang/crates.io-index"
checksum = "f497285884f3fcff424ffc933e56d7cbca511def0c9831a7f9b5f6153e3cc89b"

[[package]]
name = "relative-path"
version = "1.6.0"
source = "registry+https://github.com/rust-lang/crates.io-index"
checksum = "73d4caf086b102ab49d0525b721594a555ab55c6556086bbe52a430ad26c3bd7"

[[package]]
name = "rlimit"
version = "0.6.2"
source = "registry+https://github.com/rust-lang/crates.io-index"
checksum = "cc0bf25554376fd362f54332b8410a625c71f15445bca32ffdfdf4ec9ac91726"
dependencies = [
 "libc",
]

[[package]]
name = "routefinder"
version = "0.4.0"
source = "registry+https://github.com/rust-lang/crates.io-index"
checksum = "a44ef95cc607e41a7021da5cfb0f357ee0805113af2e9e6c617857c260940db4"
dependencies = [
 "smartcow",
 "smartstring",
]

[[package]]
name = "rsass"
version = "0.22.2"
source = "registry+https://github.com/rust-lang/crates.io-index"
checksum = "d12b2ef4a0638222476c8ca9cb0a51184647404fe637a088fc0dc06f0c14512d"
dependencies = [
 "lazy_static",
 "nom",
 "nom_locate",
 "num-bigint",
 "num-integer",
 "num-rational",
 "num-traits",
 "rand",
]

[[package]]
name = "ructe"
version = "0.13.4"
source = "registry+https://github.com/rust-lang/crates.io-index"
checksum = "c6fd2f3b927021cc8586d365c36d16d82d91fdae0a3839819c12c8e86e0f929e"
dependencies = [
 "base64",
 "bytecount",
 "itertools",
 "md5",
 "mime",
 "nom",
 "rsass",
]

[[package]]
name = "ryu"
version = "1.0.6"
source = "registry+https://github.com/rust-lang/crates.io-index"
checksum = "3c9613b5a66ab9ba26415184cfc41156594925a9cf3a2057e57f31ff145f6568"

[[package]]
name = "serde"
version = "1.0.131"
source = "registry+https://github.com/rust-lang/crates.io-index"
checksum = "b4ad69dfbd3e45369132cc64e6748c2d65cdfb001a2b1c232d128b4ad60561c1"
dependencies = [
 "serde_derive",
]

[[package]]
name = "serde_derive"
version = "1.0.131"
source = "registry+https://github.com/rust-lang/crates.io-index"
checksum = "b710a83c4e0dff6a3d511946b95274ad9ca9e5d3ae497b63fda866ac955358d2"
dependencies = [
 "proc-macro2",
 "quote",
 "syn",
]

[[package]]
name = "serde_yaml"
version = "0.8.23"
source = "registry+https://github.com/rust-lang/crates.io-index"
checksum = "a4a521f2940385c165a24ee286aa8599633d162077a54bdcae2a6fd5a7bfa7a0"
dependencies = [
 "indexmap",
 "ryu",
 "serde",
 "yaml-rust",
]

[[package]]
name = "signal-hook"
version = "0.3.12"
source = "registry+https://github.com/rust-lang/crates.io-index"
checksum = "c35dfd12afb7828318348b8c408383cf5071a086c1d4ab1c0f9840ec92dbb922"
dependencies = [
 "libc",
 "signal-hook-registry",
]

[[package]]
name = "signal-hook-async-std"
version = "0.2.1"
source = "registry+https://github.com/rust-lang/crates.io-index"
checksum = "90526e74631c69a79b38212e3d4fda4b00de9d6be56b3cead133bf67ad371af1"
dependencies = [
 "async-io",
 "futures-lite",
 "libc",
 "signal-hook",
]

[[package]]
name = "signal-hook-registry"
version = "1.4.0"
source = "registry+https://github.com/rust-lang/crates.io-index"
checksum = "e51e73328dc4ac0c7ccbda3a494dfa03df1de2f46018127f60c693f2648455b0"
dependencies = [
 "libc",
]

[[package]]
name = "simple-mutex"
version = "1.1.5"
source = "registry+https://github.com/rust-lang/crates.io-index"
checksum = "38aabbeafa6f6dead8cebf246fe9fae1f9215c8d29b3a69f93bd62a9e4a3dcd6"
dependencies = [
 "event-listener",
]

[[package]]
name = "size"
version = "0.1.2"
source = "registry+https://github.com/rust-lang/crates.io-index"
checksum = "3e5021178e8e70579d009fb545932e274ec2dde4c917791c6063d1002bee2a56"
dependencies = [
 "num-traits",
]

[[package]]
name = "slab"
version = "0.4.5"
source = "registry+https://github.com/rust-lang/crates.io-index"
checksum = "9def91fd1e018fe007022791f865d0ccc9b3a0d5001e01aabb8b40e46000afb5"

[[package]]
name = "slug"
version = "0.1.4"
source = "registry+https://github.com/rust-lang/crates.io-index"
checksum = "b3bc762e6a4b6c6fcaade73e77f9ebc6991b676f88bb2358bddb56560f073373"
dependencies = [
 "deunicode",
]

[[package]]
name = "smallvec"
version = "1.7.0"
source = "registry+https://github.com/rust-lang/crates.io-index"
checksum = "1ecab6c735a6bb4139c0caafd0cc3635748bbb3acf4550e8138122099251f309"

[[package]]
name = "smartcow"
version = "0.1.0"
source = "registry+https://github.com/rust-lang/crates.io-index"
checksum = "05e3ed3ccf93c7425507e5e2261a3fc90d14267d491f360b9b679ae0a4ce693e"
dependencies = [
 "smartstring",
]

[[package]]
name = "smartstring"
version = "0.2.9"
source = "registry+https://github.com/rust-lang/crates.io-index"
checksum = "31aa6a31c0c2b21327ce875f7e8952322acfcfd0c27569a6e18a647281352c9b"
dependencies = [
 "static_assertions",
]

[[package]]
name = "socket2"
version = "0.4.2"
source = "registry+https://github.com/rust-lang/crates.io-index"
checksum = "5dc90fe6c7be1a323296982db1836d1ea9e47b6839496dde9a541bc496df3516"
dependencies = [
 "libc",
 "winapi",
]

[[package]]
name = "static_assertions"
version = "1.1.0"
source = "registry+https://github.com/rust-lang/crates.io-index"
checksum = "a2eb9349b6444b326872e140eb1cf5e7c522154d69e7a0ffb0fb81c06b37543f"

[[package]]
name = "stopper"
version = "0.2.0"
source = "registry+https://github.com/rust-lang/crates.io-index"
checksum = "4573bf2456e356934de15c7151d1c9fc8873e8866a7c2b5e0bb20f8244bd0073"
dependencies = [
 "futures-lite",
 "pin-project",
 "waker-set",
]

[[package]]
name = "str-buf"
version = "2.0.4"
source = "registry+https://github.com/rust-lang/crates.io-index"
checksum = "5d3f6746ae4fb2c851c6ad2fdaa1090f6777315bc7522b2a2bc5897e091eefb2"

[[package]]
name = "syn"
version = "1.0.82"
source = "registry+https://github.com/rust-lang/crates.io-index"
checksum = "8daf5dd0bb60cbd4137b1b587d2fc0ae729bc07cf01cd70b36a1ed5ade3b9d59"
dependencies = [
 "proc-macro2",
 "quote",
 "unicode-xid",
]

[[package]]
name = "tap"
version = "1.0.1"
source = "registry+https://github.com/rust-lang/crates.io-index"
checksum = "55937e1799185b12863d447f42597ed69d9928686b8d88a1df17376a097d8369"

[[package]]
name = "termcolor"
version = "1.1.2"
source = "registry+https://github.com/rust-lang/crates.io-index"
checksum = "2dfed899f0eb03f32ee8c6a0aabdb8a7949659e3466561fc0adf54e26d88c5f4"
dependencies = [
 "winapi-util",
]

[[package]]
name = "thiserror"
version = "1.0.30"
source = "registry+https://github.com/rust-lang/crates.io-index"
checksum = "854babe52e4df1653706b98fcfc05843010039b406875930a70e4d9644e5c417"
dependencies = [
 "thiserror-impl",
]

[[package]]
name = "thiserror-impl"
version = "1.0.30"
source = "registry+https://github.com/rust-lang/crates.io-index"
checksum = "aa32fd3f627f367fe16f893e2597ae3c05020f8bba2666a4e6ea73d377e5714b"
dependencies = [
 "proc-macro2",
 "quote",
 "syn",
]

[[package]]
name = "time"
version = "0.1.44"
source = "registry+https://github.com/rust-lang/crates.io-index"
checksum = "6db9e6914ab8b1ae1c260a4ae7a49b6c5611b40328a735b21862567685e73255"
dependencies = [
 "libc",
 "wasi",
 "winapi",
]

[[package]]
name = "tinyvec"
version = "1.5.1"
source = "registry+https://github.com/rust-lang/crates.io-index"
checksum = "2c1c1d5a42b6245520c249549ec267180beaffcc0615401ac8e31853d4b6d8d2"
dependencies = [
 "tinyvec_macros",
]

[[package]]
name = "tinyvec_macros"
version = "0.1.0"
source = "registry+https://github.com/rust-lang/crates.io-index"
checksum = "cda74da7e1a664f795bb1f8a87ec406fb89a02522cf6e50620d016add6dbbf5c"

[[package]]
name = "trillium"
version = "0.2.2"
source = "registry+https://github.com/rust-lang/crates.io-index"
checksum = "a229016cb2f3be4209b40cfbd2f3a0cd11aa7d283be8f4612219227d3e4014e4"
dependencies = [
 "async-trait",
 "futures-lite",
 "log",
 "trillium-http",
]

[[package]]
name = "trillium-caching-headers"
version = "0.1.0"
source = "registry+https://github.com/rust-lang/crates.io-index"
checksum = "0d1cc9754005a2ad9396f696fc5d9b4c7faa5a091944314b4b195ebc4869e14d"
dependencies = [
 "etag",
 "httpdate",
 "trillium",
]

[[package]]
name = "trillium-compression"
version = "0.1.0"
source = "registry+https://github.com/rust-lang/crates.io-index"
checksum = "fea8faf773669756697b9ab11a5c8ec6df6774aa4180338d5a01a4ec433114b8"
dependencies = [
 "async-compression",
 "futures-lite",
 "log",
 "trillium",
]

[[package]]
name = "trillium-conn-id"
version = "0.2.1"
source = "registry+https://github.com/rust-lang/crates.io-index"
checksum = "ec39225cc7d3ba12d063b731578e39f8b790dbe913ad1c2c147fd58332f3caf0"
dependencies = [
 "fastrand",
 "trillium",
]

[[package]]
name = "trillium-http"
version = "0.2.5"
source = "registry+https://github.com/rust-lang/crates.io-index"
checksum = "a92cc2f39b09bd4931d9032682743315fc73dbfe8607279f3e1c0b8075fd18f7"
dependencies = [
 "encoding_rs",
 "futures-lite",
 "hashbrown",
 "httparse",
 "httpdate",
 "log",
 "memmem",
 "mime",
 "smallvec",
 "smartcow",
 "smartstring",
 "stopper",
 "thiserror",
]

[[package]]
name = "trillium-logger"
version = "0.4.0"
source = "registry+https://github.com/rust-lang/crates.io-index"
checksum = "21a01e95a1a2021c465ed2773f9be589bc3b0138523389fd99366d1537c70fcd"
dependencies = [
 "atty",
 "chrono",
 "colored",
 "log",
 "size",
 "trillium",
]

[[package]]
name = "trillium-router"
version = "0.3.0"
source = "registry+https://github.com/rust-lang/crates.io-index"
checksum = "f79bbe40c34c892f96623ff5f4096e72d1eee06157f8949ecdb111c15d6d2eac"
dependencies = [
 "log",
 "routefinder",
 "trillium",
]

[[package]]
name = "trillium-ructe"
version = "0.3.1"
source = "registry+https://github.com/rust-lang/crates.io-index"
checksum = "13e83bfa8db12e961409752f41a7e5e1b5f1c494ebe01ca18ed62e56787c0278"
dependencies = [
 "ructe",
 "trillium",
]

[[package]]
name = "trillium-server-common"
version = "0.3.0"
source = "registry+https://github.com/rust-lang/crates.io-index"
checksum = "02f8a8649680599d1142d454668be5f864f81809d77543ec5ac615b73241b8aa"
dependencies = [
 "atomic-waker",
 "futures-lite",
 "log",
 "pin-project-lite",
 "rlimit",
 "trillium",
 "trillium-http",
 "trillium-tls-common",
]

[[package]]
name = "trillium-smol"
version = "0.2.0"
source = "registry+https://github.com/rust-lang/crates.io-index"
checksum = "0babe231be4501c2a31defaccca257dca3485b303542dfee1fa2ebd8cdad81a1"
dependencies = [
 "async-global-executor",
 "async-io",
 "async-net",
 "futures-lite",
 "log",
 "signal-hook",
 "signal-hook-async-std",
 "trillium",
 "trillium-http",
 "trillium-server-common",
]

[[package]]
name = "trillium-static"
version = "0.4.0"
source = "registry+https://github.com/rust-lang/crates.io-index"
checksum = "30f8fdac497588f1217959fa518fa21e9e569b6480485ef966f3e28826af24e2"
dependencies = [
 "async-fs",
 "cfg-if",
 "etag",
 "futures-lite",
 "httpdate",
 "log",
 "mime_guess",
 "relative-path",
 "trillium",
]

[[package]]
name = "trillium-testing"
version = "0.3.1"
source = "registry+https://github.com/rust-lang/crates.io-index"
checksum = "0f5c1fb6f096b4261c881bc7d537c9af342fbe0f9a488165514ddbf025956aa9"
dependencies = [
 "async-dup",
 "cfg-if",
 "futures-lite",
 "portpicker",
 "trillium",
 "trillium-http",
 "trillium-server-common",
 "trillium-smol",
 "url",
]

[[package]]
name = "trillium-tls-common"
version = "0.1.0"
source = "registry+https://github.com/rust-lang/crates.io-index"
checksum = "25c024962f8fdad586fb329e91b64ef0f4034652779ef5d3720102ca0f88d714"
dependencies = [
 "async-trait",
 "futures-lite",
 "url",
]

[[package]]
name = "unicase"
version = "2.6.0"
source = "registry+https://github.com/rust-lang/crates.io-index"
checksum = "50f37be617794602aabbeee0be4f259dc1778fabe05e2d67ee8f79326d5cb4f6"
dependencies = [
 "version_check",
]

[[package]]
name = "unicode-bidi"
version = "0.3.7"
source = "registry+https://github.com/rust-lang/crates.io-index"
checksum = "1a01404663e3db436ed2746d9fefef640d868edae3cceb81c3b8d5732fda678f"

[[package]]
name = "unicode-normalization"
version = "0.1.19"
source = "registry+https://github.com/rust-lang/crates.io-index"
checksum = "d54590932941a9e9266f0832deed84ebe1bf2e4c9e4a3554d393d18f5e854bf9"
dependencies = [
 "tinyvec",
]

[[package]]
name = "unicode-width"
version = "0.1.9"
source = "registry+https://github.com/rust-lang/crates.io-index"
checksum = "3ed742d4ea2bd1176e236172c8429aaf54486e7ac098db29ffe6529e0ce50973"

[[package]]
name = "unicode-xid"
version = "0.2.2"
source = "registry+https://github.com/rust-lang/crates.io-index"
checksum = "8ccb82d61f80a663efe1f787a51b16b5a51e3314d6ac365b08639f52387b33f3"

[[package]]
name = "url"
version = "2.2.2"
source = "registry+https://github.com/rust-lang/crates.io-index"
checksum = "a507c383b2d33b5fc35d1861e77e6b383d158b2da5e14fe51b83dfedf6fd578c"
dependencies = [
 "form_urlencoded",
 "idna",
 "matches",
 "percent-encoding",
]

[[package]]
name = "version_check"
version = "0.9.3"
source = "registry+https://github.com/rust-lang/crates.io-index"
checksum = "5fecdca9a5291cc2b8dcf7dc02453fee791a280f3743cb0905f8822ae463b3fe"

[[package]]
name = "waker-fn"
version = "1.1.0"
source = "registry+https://github.com/rust-lang/crates.io-index"
checksum = "9d5b2c62b4012a3e1eca5a7e077d13b3bf498c4073e33ccd58626607748ceeca"

[[package]]
name = "waker-set"
version = "0.2.0"
source = "registry+https://github.com/rust-lang/crates.io-index"
checksum = "9e958152c46345e1af5c61812030ac85200573a0b384c137e83ce2c01ac4bc07"
dependencies = [
 "crossbeam-utils",
 "slab",
]

[[package]]
name = "wasi"
version = "0.10.0+wasi-snapshot-preview1"
source = "registry+https://github.com/rust-lang/crates.io-index"
checksum = "1a143597ca7c7793eff794def352d41792a93c481eb1042423ff7ff72ba2c31f"

[[package]]
name = "wepoll-ffi"
version = "0.1.2"
source = "registry+https://github.com/rust-lang/crates.io-index"
checksum = "d743fdedc5c64377b5fc2bc036b01c7fd642205a0d96356034ae3404d49eb7fb"
dependencies = [
 "cc",
]

[[package]]
name = "winapi"
version = "0.3.9"
source = "registry+https://github.com/rust-lang/crates.io-index"
checksum = "5c839a674fcd7a98952e593242ea400abe93992746761e38641405d28b00f419"
dependencies = [
 "winapi-i686-pc-windows-gnu",
 "winapi-x86_64-pc-windows-gnu",
]

[[package]]
name = "winapi-i686-pc-windows-gnu"
version = "0.4.0"
source = "registry+https://github.com/rust-lang/crates.io-index"
checksum = "ac3b87c63620426dd9b991e5ce0329eff545bccbbb34f3be09ff6fb6ab51b7b6"

[[package]]
name = "winapi-util"
version = "0.1.5"
source = "registry+https://github.com/rust-lang/crates.io-index"
checksum = "70ec6ce85bb158151cae5e5c87f95a8e97d2c0c4b001223f33a334e3ce5de178"
dependencies = [
 "winapi",
]

[[package]]
name = "winapi-x86_64-pc-windows-gnu"
version = "0.4.0"
source = "registry+https://github.com/rust-lang/crates.io-index"
checksum = "712e227841d057c1ee1cd2fb22fa7e5a5461ae8e48fa2ca79ec42cfc1931183f"

[[package]]
name = "wyz"
version = "0.2.0"
source = "registry+https://github.com/rust-lang/crates.io-index"
checksum = "85e60b0d1b5f99db2556934e21937020776a5d31520bf169e851ac44e6420214"

[[package]]
name = "xxhash-rust"
version = "0.8.2"
source = "registry+https://github.com/rust-lang/crates.io-index"
checksum = "e575e15bedf6e57b5c2d763ffc6c3c760143466cbd09d762d539680ab5992ded"

[[package]]
name = "yaml-rust"
version = "0.4.5"
source = "registry+https://github.com/rust-lang/crates.io-index"
checksum = "56c1936c4cc7a1c9ab21a1ebb602eb942ba868cbd44a99cb7cdc5892335e1c85"
dependencies = [
 "linked-hash-map",
]
